// !$*UTF8*$!
{
	archiveVersion = 1;
	classes = {
	};
	objectVersion = 56;
	objects = {

/* Begin PBXBuildFile section */
		696F2F9D295A7DA000FACEF5 /* Two_FoldApp.swift in Sources */ = {isa = PBXBuildFile; fileRef = 696F2F9C295A7DA000FACEF5 /* Two_FoldApp.swift */; };
		696F2F9F295A7DA000FACEF5 /* ContentView.swift in Sources */ = {isa = PBXBuildFile; fileRef = 696F2F9E295A7DA000FACEF5 /* ContentView.swift */; };
		696F2FA1295A7DA100FACEF5 /* Assets.xcassets in Resources */ = {isa = PBXBuildFile; fileRef = 696F2FA0295A7DA100FACEF5 /* Assets.xcassets */; };
		696F2FA4295A7DA100FACEF5 /* Preview Assets.xcassets in Resources */ = {isa = PBXBuildFile; fileRef = 696F2FA3295A7DA100FACEF5 /* Preview Assets.xcassets */; };
		697F63B7295B5EF100277E0A /* OnboardingView.swift in Sources */ = {isa = PBXBuildFile; fileRef = 697F63B6295B5EF100277E0A /* OnboardingView.swift */; };
		69BB4DAD295E269200B7E8B9 /* TabBar.swift in Sources */ = {isa = PBXBuildFile; fileRef = 69BB4DAC295E269200B7E8B9 /* TabBar.swift */; };
		69BB4DB629609C8700B7E8B9 /* HomeView.swift in Sources */ = {isa = PBXBuildFile; fileRef = 69BB4DB529609C8700B7E8B9 /* HomeView.swift */; };
		69BB4DB8296276C000B7E8B9 /* DailyPickCard.swift in Sources */ = {isa = PBXBuildFile; fileRef = 69BB4DB7296276C000B7E8B9 /* DailyPickCard.swift */; };
		69BB4DBA2962780800B7E8B9 /* DailyPick.swift in Sources */ = {isa = PBXBuildFile; fileRef = 69BB4DB92962780800B7E8B9 /* DailyPick.swift */; };
		69BB4DBC29628AF100B7E8B9 /* Friends.swift in Sources */ = {isa = PBXBuildFile; fileRef = 69BB4DBB29628AF100B7E8B9 /* Friends.swift */; };
		69C8FFA9295CD71500894030 /* SignInView.swift in Sources */ = {isa = PBXBuildFile; fileRef = 69C8FFA8295CD71500894030 /* SignInView.swift */; };
		69C8FFAB295CDEB100894030 /* CustomTextField.swift in Sources */ = {isa = PBXBuildFile; fileRef = 69C8FFAA295CDEB100894030 /* CustomTextField.swift */; };
		69C8FFAD295D08AE00894030 /* CustomModal.swift in Sources */ = {isa = PBXBuildFile; fileRef = 69C8FFAC295D08AE00894030 /* CustomModal.swift */; };
		69C8FFAF295D0BD000894030 /* SignUpView.swift in Sources */ = {isa = PBXBuildFile; fileRef = 69C8FFAE295D0BD000894030 /* SignUpView.swift */; };
		69C8FFB1295D0CC700894030 /* CustomSubmitBtn.swift in Sources */ = {isa = PBXBuildFile; fileRef = 69C8FFB0295D0CC700894030 /* CustomSubmitBtn.swift */; };
		69C8FFC0295D193500894030 /* PreferencesView.swift in Sources */ = {isa = PBXBuildFile; fileRef = 69C8FFBF295D193500894030 /* PreferencesView.swift */; };
		69C8FFC2295DCD5C00894030 /* PreferenceBtn.swift in Sources */ = {isa = PBXBuildFile; fileRef = 69C8FFC1295DCD5C00894030 /* PreferenceBtn.swift */; };
		69E0ACA3295BA5460025AD0E /* RiveRuntime in Frameworks */ = {isa = PBXBuildFile; productRef = 69E0ACA2295BA5460025AD0E /* RiveRuntime */; };
		69E0ACA5295BA62F0025AD0E /* test.riv in Resources */ = {isa = PBXBuildFile; fileRef = 69E0ACA4295BA62F0025AD0E /* test.riv */; };
		69E0ACAD295BA8D80025AD0E /* shapes.riv in Resources */ = {isa = PBXBuildFile; fileRef = 69E0ACAC295BA8CF0025AD0E /* shapes.riv */; };
		69E0ACAE295BA8DA0025AD0E /* menu_button.riv in Resources */ = {isa = PBXBuildFile; fileRef = 69E0ACA8295BA8CF0025AD0E /* menu_button.riv */; };
		69E0ACAF295BA8DD0025AD0E /* house.riv in Resources */ = {isa = PBXBuildFile; fileRef = 69E0ACAB295BA8CF0025AD0E /* house.riv */; };
		69E0ACB0295BA8E20025AD0E /* confetti.riv in Resources */ = {isa = PBXBuildFile; fileRef = 69E0ACA9295BA8CF0025AD0E /* confetti.riv */; };
		69E0ACB1295BA8E50025AD0E /* check.riv in Resources */ = {isa = PBXBuildFile; fileRef = 69E0ACA7295BA8C80025AD0E /* check.riv */; };
		69E0ACB2295BA8EA0025AD0E /* button.riv in Resources */ = {isa = PBXBuildFile; fileRef = 69E0ACA6295BA8C30025AD0E /* button.riv */; };
		69E0ACB4295BA99D0025AD0E /* icons.riv in Resources */ = {isa = PBXBuildFile; fileRef = 69E0ACAA295BA8CF0025AD0E /* icons.riv */; };
		69E0ACB6295BB5C40025AD0E /* Inter-Regular.ttf in Resources */ = {isa = PBXBuildFile; fileRef = 69E0ACB5295BB5C40025AD0E /* Inter-Regular.ttf */; };
		69E0ACB8295BB5CE0025AD0E /* Inter-SemiBold.ttf in Resources */ = {isa = PBXBuildFile; fileRef = 69E0ACB7295BB5CD0025AD0E /* Inter-SemiBold.ttf */; };
		69E0ACBA295BB5DB0025AD0E /* Poppins-Bold.ttf in Resources */ = {isa = PBXBuildFile; fileRef = 69E0ACB9295BB5DB0025AD0E /* Poppins-Bold.ttf */; };
		69E0ACBD295BB6D10025AD0E /* CustomFont.swift in Sources */ = {isa = PBXBuildFile; fileRef = 69E0ACBC295BB6D10025AD0E /* CustomFont.swift */; };
		69E0ACBF295BD1110025AD0E /* Extensions.swift in Sources */ = {isa = PBXBuildFile; fileRef = 69E0ACBE295BD1110025AD0E /* Extensions.swift */; };
/* End PBXBuildFile section */

/* Begin PBXFileReference section */
		696F2F99295A7DA000FACEF5 /* Two Fold.app */ = {isa = PBXFileReference; explicitFileType = wrapper.application; includeInIndex = 0; path = "Two Fold.app"; sourceTree = BUILT_PRODUCTS_DIR; };
		696F2F9C295A7DA000FACEF5 /* Two_FoldApp.swift */ = {isa = PBXFileReference; lastKnownFileType = sourcecode.swift; path = Two_FoldApp.swift; sourceTree = "<group>"; };
		696F2F9E295A7DA000FACEF5 /* ContentView.swift */ = {isa = PBXFileReference; lastKnownFileType = sourcecode.swift; path = ContentView.swift; sourceTree = "<group>"; };
		696F2FA0295A7DA100FACEF5 /* Assets.xcassets */ = {isa = PBXFileReference; lastKnownFileType = folder.assetcatalog; path = Assets.xcassets; sourceTree = "<group>"; };
		696F2FA3295A7DA100FACEF5 /* Preview Assets.xcassets */ = {isa = PBXFileReference; lastKnownFileType = folder.assetcatalog; path = "Preview Assets.xcassets"; sourceTree = "<group>"; };
		697F63B5295B5E7600277E0A /* Two-Fold-Info.plist */ = {isa = PBXFileReference; lastKnownFileType = text.plist; path = "Two-Fold-Info.plist"; sourceTree = SOURCE_ROOT; };
		697F63B6295B5EF100277E0A /* OnboardingView.swift */ = {isa = PBXFileReference; lastKnownFileType = sourcecode.swift; path = OnboardingView.swift; sourceTree = "<group>"; };
		69BB4DAC295E269200B7E8B9 /* TabBar.swift */ = {isa = PBXFileReference; lastKnownFileType = sourcecode.swift; path = TabBar.swift; sourceTree = "<group>"; };
		69BB4DB529609C8700B7E8B9 /* HomeView.swift */ = {isa = PBXFileReference; lastKnownFileType = sourcecode.swift; path = HomeView.swift; sourceTree = "<group>"; };
		69BB4DB7296276C000B7E8B9 /* DailyPickCard.swift */ = {isa = PBXFileReference; lastKnownFileType = sourcecode.swift; path = DailyPickCard.swift; sourceTree = "<group>"; };
		69BB4DB92962780800B7E8B9 /* DailyPick.swift */ = {isa = PBXFileReference; lastKnownFileType = sourcecode.swift; path = DailyPick.swift; sourceTree = "<group>"; };
		69BB4DBB29628AF100B7E8B9 /* Friends.swift */ = {isa = PBXFileReference; lastKnownFileType = sourcecode.swift; path = Friends.swift; sourceTree = "<group>"; };
		69C8FFA8295CD71500894030 /* SignInView.swift */ = {isa = PBXFileReference; lastKnownFileType = sourcecode.swift; path = SignInView.swift; sourceTree = "<group>"; };
		69C8FFAA295CDEB100894030 /* CustomTextField.swift */ = {isa = PBXFileReference; lastKnownFileType = sourcecode.swift; path = CustomTextField.swift; sourceTree = "<group>"; };
		69C8FFAC295D08AE00894030 /* CustomModal.swift */ = {isa = PBXFileReference; lastKnownFileType = sourcecode.swift; path = CustomModal.swift; sourceTree = "<group>"; };
		69C8FFAE295D0BD000894030 /* SignUpView.swift */ = {isa = PBXFileReference; lastKnownFileType = sourcecode.swift; path = SignUpView.swift; sourceTree = "<group>"; };
		69C8FFB0295D0CC700894030 /* CustomSubmitBtn.swift */ = {isa = PBXFileReference; lastKnownFileType = sourcecode.swift; path = CustomSubmitBtn.swift; sourceTree = "<group>"; };
		69C8FFBF295D193500894030 /* PreferencesView.swift */ = {isa = PBXFileReference; lastKnownFileType = sourcecode.swift; path = PreferencesView.swift; sourceTree = "<group>"; };
		69C8FFC1295DCD5C00894030 /* PreferenceBtn.swift */ = {isa = PBXFileReference; lastKnownFileType = sourcecode.swift; path = PreferenceBtn.swift; sourceTree = "<group>"; };
		69E0ACA4295BA62F0025AD0E /* test.riv */ = {isa = PBXFileReference; lastKnownFileType = file; path = test.riv; sourceTree = "<group>"; };
		69E0ACA6295BA8C30025AD0E /* button.riv */ = {isa = PBXFileReference; lastKnownFileType = file; path = button.riv; sourceTree = "<group>"; };
		69E0ACA7295BA8C80025AD0E /* check.riv */ = {isa = PBXFileReference; lastKnownFileType = file; path = check.riv; sourceTree = "<group>"; };
		69E0ACA8295BA8CF0025AD0E /* menu_button.riv */ = {isa = PBXFileReference; lastKnownFileType = file; path = menu_button.riv; sourceTree = "<group>"; };
		69E0ACA9295BA8CF0025AD0E /* confetti.riv */ = {isa = PBXFileReference; lastKnownFileType = file; path = confetti.riv; sourceTree = "<group>"; };
		69E0ACAA295BA8CF0025AD0E /* icons.riv */ = {isa = PBXFileReference; lastKnownFileType = file; path = icons.riv; sourceTree = "<group>"; };
		69E0ACAB295BA8CF0025AD0E /* house.riv */ = {isa = PBXFileReference; lastKnownFileType = file; path = house.riv; sourceTree = "<group>"; };
		69E0ACAC295BA8CF0025AD0E /* shapes.riv */ = {isa = PBXFileReference; lastKnownFileType = file; path = shapes.riv; sourceTree = "<group>"; };
		69E0ACB5295BB5C40025AD0E /* Inter-Regular.ttf */ = {isa = PBXFileReference; lastKnownFileType = file; path = "Inter-Regular.ttf"; sourceTree = "<group>"; };
		69E0ACB7295BB5CD0025AD0E /* Inter-SemiBold.ttf */ = {isa = PBXFileReference; lastKnownFileType = file; path = "Inter-SemiBold.ttf"; sourceTree = "<group>"; };
		69E0ACB9295BB5DB0025AD0E /* Poppins-Bold.ttf */ = {isa = PBXFileReference; lastKnownFileType = file; path = "Poppins-Bold.ttf"; sourceTree = "<group>"; };
		69E0ACBC295BB6D10025AD0E /* CustomFont.swift */ = {isa = PBXFileReference; lastKnownFileType = sourcecode.swift; path = CustomFont.swift; sourceTree = "<group>"; };
		69E0ACBE295BD1110025AD0E /* Extensions.swift */ = {isa = PBXFileReference; lastKnownFileType = sourcecode.swift; path = Extensions.swift; sourceTree = "<group>"; };
/* End PBXFileReference section */

/* Begin PBXFrameworksBuildPhase section */
		696F2F96295A7DA000FACEF5 /* Frameworks */ = {
			isa = PBXFrameworksBuildPhase;
			buildActionMask = 2147483647;
			files = (
				69E0ACA3295BA5460025AD0E /* RiveRuntime in Frameworks */,
			);
			runOnlyForDeploymentPostprocessing = 0;
		};
/* End PBXFrameworksBuildPhase section */

/* Begin PBXGroup section */
		696F2F90295A7DA000FACEF5 = {
			isa = PBXGroup;
			children = (
				696F2F9B295A7DA000FACEF5 /* Two Fold */,
				696F2F9A295A7DA000FACEF5 /* Products */,
			);
			sourceTree = "<group>";
		};
		696F2F9A295A7DA000FACEF5 /* Products */ = {
			isa = PBXGroup;
			children = (
				696F2F99295A7DA000FACEF5 /* Two Fold.app */,
			);
			name = Products;
			sourceTree = "<group>";
		};
		696F2F9B295A7DA000FACEF5 /* Two Fold */ = {
			isa = PBXGroup;
			children = (
				697F63B5295B5E7600277E0A /* Two-Fold-Info.plist */,
				696F2F9C295A7DA000FACEF5 /* Two_FoldApp.swift */,
				696F2F9E295A7DA000FACEF5 /* ContentView.swift */,
				69C8FFB4295D17CB00894030 /* Base */,
				69C8FFB2295D17A900894030 /* Features */,
				696F2FA0295A7DA100FACEF5 /* Assets.xcassets */,
				69E0ACBB295BB5E80025AD0E /* Fonts */,
				69E0ACB3295BA8F70025AD0E /* Rive assets */,
				696F2FA2295A7DA100FACEF5 /* Preview Content */,
			);
			path = "Two Fold";
			sourceTree = "<group>";
		};
		696F2FA2295A7DA100FACEF5 /* Preview Content */ = {
			isa = PBXGroup;
			children = (
				696F2FA3295A7DA100FACEF5 /* Preview Assets.xcassets */,
			);
			path = "Preview Content";
			sourceTree = "<group>";
		};
		69C8FFB2295D17A900894030 /* Features */ = {
			isa = PBXGroup;
			children = (
				69C8FFBA295D188200894030 /* Home */,
				69C8FFB5295D17D300894030 /* Onboarding */,
			);
			path = Features;
			sourceTree = "<group>";
		};
		69C8FFB4295D17CB00894030 /* Base */ = {
			isa = PBXGroup;
			children = (
				69C8FFBB295D18BB00894030 /* Components */,
				69C8FFB9295D184300894030 /* Modifiers */,
			);
			path = Base;
			sourceTree = "<group>";
		};
		69C8FFB5295D17D300894030 /* Onboarding */ = {
			isa = PBXGroup;
			children = (
				69C8FFB8295D17FB00894030 /* Views */,
				69C8FFB7295D17F100894030 /* Model */,
				69C8FFB6295D17E400894030 /* View model */,
			);
			path = Onboarding;
			sourceTree = "<group>";
		};
		69C8FFB6295D17E400894030 /* View model */ = {
			isa = PBXGroup;
			children = (
			);
			path = "View model";
			sourceTree = "<group>";
		};
		69C8FFB7295D17F100894030 /* Model */ = {
			isa = PBXGroup;
			children = (
			);
			path = Model;
			sourceTree = "<group>";
		};
		69C8FFB8295D17FB00894030 /* Views */ = {
			isa = PBXGroup;
			children = (
				697F63B6295B5EF100277E0A /* OnboardingView.swift */,
				69C8FFA8295CD71500894030 /* SignInView.swift */,
				69C8FFAE295D0BD000894030 /* SignUpView.swift */,
				69C8FFBF295D193500894030 /* PreferencesView.swift */,
			);
			path = Views;
			sourceTree = "<group>";
		};
		69C8FFB9295D184300894030 /* Modifiers */ = {
			isa = PBXGroup;
			children = (
				69E0ACBC295BB6D10025AD0E /* CustomFont.swift */,
				69C8FFAA295CDEB100894030 /* CustomTextField.swift */,
				69C8FFC1295DCD5C00894030 /* PreferenceBtn.swift */,
				69C8FFAC295D08AE00894030 /* CustomModal.swift */,
				69C8FFB0295D0CC700894030 /* CustomSubmitBtn.swift */,
				69E0ACBE295BD1110025AD0E /* Extensions.swift */,
			);
			path = Modifiers;
			sourceTree = "<group>";
		};
		69C8FFBA295D188200894030 /* Home */ = {
			isa = PBXGroup;
			children = (
				69C8FFBE295D18F600894030 /* View model */,
				69C8FFBD295D18EC00894030 /* Model */,
				69C8FFBC295D18E300894030 /* Views */,
			);
			path = Home;
			sourceTree = "<group>";
		};
		69C8FFBB295D18BB00894030 /* Components */ = {
			isa = PBXGroup;
			children = (
				69BB4DAC295E269200B7E8B9 /* TabBar.swift */,
			);
			path = Components;
			sourceTree = "<group>";
		};
		69C8FFBC295D18E300894030 /* Views */ = {
			isa = PBXGroup;
			children = (
				69BB4DB529609C8700B7E8B9 /* HomeView.swift */,
				69BB4DB7296276C000B7E8B9 /* DailyPickCard.swift */,
			);
			path = Views;
			sourceTree = "<group>";
		};
		69C8FFBD295D18EC00894030 /* Model */ = {
			isa = PBXGroup;
			children = (
				69BB4DB92962780800B7E8B9 /* DailyPick.swift */,
				69BB4DBB29628AF100B7E8B9 /* Friends.swift */,
			);
			path = Model;
			sourceTree = "<group>";
		};
		69C8FFBE295D18F600894030 /* View model */ = {
			isa = PBXGroup;
			children = (
			);
			path = "View model";
			sourceTree = "<group>";
		};
		69E0ACB3295BA8F70025AD0E /* Rive assets */ = {
			isa = PBXGroup;
			children = (
				69E0ACA4295BA62F0025AD0E /* test.riv */,
				69E0ACA6295BA8C30025AD0E /* button.riv */,
				69E0ACA7295BA8C80025AD0E /* check.riv */,
				69E0ACA9295BA8CF0025AD0E /* confetti.riv */,
				69E0ACAB295BA8CF0025AD0E /* house.riv */,
				69E0ACAA295BA8CF0025AD0E /* icons.riv */,
				69E0ACA8295BA8CF0025AD0E /* menu_button.riv */,
				69E0ACAC295BA8CF0025AD0E /* shapes.riv */,
			);
			path = "Rive assets";
			sourceTree = "<group>";
		};
		69E0ACBB295BB5E80025AD0E /* Fonts */ = {
			isa = PBXGroup;
			children = (
				69E0ACB5295BB5C40025AD0E /* Inter-Regular.ttf */,
				69E0ACB7295BB5CD0025AD0E /* Inter-SemiBold.ttf */,
				69E0ACB9295BB5DB0025AD0E /* Poppins-Bold.ttf */,
			);
			path = Fonts;
			sourceTree = "<group>";
		};
/* End PBXGroup section */

/* Begin PBXNativeTarget section */
		696F2F98295A7DA000FACEF5 /* Two Fold */ = {
			isa = PBXNativeTarget;
			buildConfigurationList = 696F2FA7295A7DA100FACEF5 /* Build configuration list for PBXNativeTarget "Two Fold" */;
			buildPhases = (
				696F2F95295A7DA000FACEF5 /* Sources */,
				696F2F96295A7DA000FACEF5 /* Frameworks */,
				696F2F97295A7DA000FACEF5 /* Resources */,
			);
			buildRules = (
			);
			dependencies = (
			);
			name = "Two Fold";
			packageProductDependencies = (
				69E0ACA2295BA5460025AD0E /* RiveRuntime */,
			);
			productName = "Two Fold";
			productReference = 696F2F99295A7DA000FACEF5 /* Two Fold.app */;
			productType = "com.apple.product-type.application";
		};
/* End PBXNativeTarget section */

/* Begin PBXProject section */
		696F2F91295A7DA000FACEF5 /* Project object */ = {
			isa = PBXProject;
			attributes = {
				BuildIndependentTargetsInParallel = 1;
				LastSwiftUpdateCheck = 1410;
				LastUpgradeCheck = 1410;
				TargetAttributes = {
					696F2F98295A7DA000FACEF5 = {
						CreatedOnToolsVersion = 14.1;
					};
				};
			};
			buildConfigurationList = 696F2F94295A7DA000FACEF5 /* Build configuration list for PBXProject "Two Fold" */;
			compatibilityVersion = "Xcode 14.0";
			developmentRegion = en;
			hasScannedForEncodings = 0;
			knownRegions = (
				en,
				Base,
			);
			mainGroup = 696F2F90295A7DA000FACEF5;
			packageReferences = (
				69E0ACA1295BA5460025AD0E /* XCRemoteSwiftPackageReference "rive-ios" */,
			);
			productRefGroup = 696F2F9A295A7DA000FACEF5 /* Products */;
			projectDirPath = "";
			projectRoot = "";
			targets = (
				696F2F98295A7DA000FACEF5 /* Two Fold */,
			);
		};
/* End PBXProject section */

/* Begin PBXResourcesBuildPhase section */
		696F2F97295A7DA000FACEF5 /* Resources */ = {
			isa = PBXResourcesBuildPhase;
			buildActionMask = 2147483647;
			files = (
				69E0ACB8295BB5CE0025AD0E /* Inter-SemiBold.ttf in Resources */,
				69E0ACB1295BA8E50025AD0E /* check.riv in Resources */,
				69E0ACB2295BA8EA0025AD0E /* button.riv in Resources */,
				69E0ACAD295BA8D80025AD0E /* shapes.riv in Resources */,
				69E0ACA5295BA62F0025AD0E /* test.riv in Resources */,
				69E0ACAE295BA8DA0025AD0E /* menu_button.riv in Resources */,
				69E0ACAF295BA8DD0025AD0E /* house.riv in Resources */,
				696F2FA4295A7DA100FACEF5 /* Preview Assets.xcassets in Resources */,
				69E0ACBA295BB5DB0025AD0E /* Poppins-Bold.ttf in Resources */,
				696F2FA1295A7DA100FACEF5 /* Assets.xcassets in Resources */,
				69E0ACB6295BB5C40025AD0E /* Inter-Regular.ttf in Resources */,
				69E0ACB0295BA8E20025AD0E /* confetti.riv in Resources */,
				69E0ACB4295BA99D0025AD0E /* icons.riv in Resources */,
			);
			runOnlyForDeploymentPostprocessing = 0;
		};
/* End PBXResourcesBuildPhase section */

/* Begin PBXSourcesBuildPhase section */
		696F2F95295A7DA000FACEF5 /* Sources */ = {
			isa = PBXSourcesBuildPhase;
			buildActionMask = 2147483647;
			files = (
				69C8FFAB295CDEB100894030 /* CustomTextField.swift in Sources */,
				69BB4DB629609C8700B7E8B9 /* HomeView.swift in Sources */,
				69C8FFC2295DCD5C00894030 /* PreferenceBtn.swift in Sources */,
				69C8FFA9295CD71500894030 /* SignInView.swift in Sources */,
				69BB4DBA2962780800B7E8B9 /* DailyPick.swift in Sources */,
				697F63B7295B5EF100277E0A /* OnboardingView.swift in Sources */,
				69E0ACBD295BB6D10025AD0E /* CustomFont.swift in Sources */,
				69C8FFAD295D08AE00894030 /* CustomModal.swift in Sources */,
				69C8FFB1295D0CC700894030 /* CustomSubmitBtn.swift in Sources */,
				69BB4DBC29628AF100B7E8B9 /* Friends.swift in Sources */,
				69E0ACBF295BD1110025AD0E /* Extensions.swift in Sources */,
				696F2F9F295A7DA000FACEF5 /* ContentView.swift in Sources */,
				69BB4DAD295E269200B7E8B9 /* TabBar.swift in Sources */,
				69C8FFAF295D0BD000894030 /* SignUpView.swift in Sources */,
				696F2F9D295A7DA000FACEF5 /* Two_FoldApp.swift in Sources */,
				69BB4DB8296276C000B7E8B9 /* DailyPickCard.swift in Sources */,
				69C8FFC0295D193500894030 /* PreferencesView.swift in Sources */,
			);
			runOnlyForDeploymentPostprocessing = 0;
		};
/* End PBXSourcesBuildPhase section */

/* Begin XCBuildConfiguration section */
		696F2FA5295A7DA100FACEF5 /* Debug */ = {
			isa = XCBuildConfiguration;
			buildSettings = {
				ALWAYS_SEARCH_USER_PATHS = NO;
				CLANG_ANALYZER_NONNULL = YES;
				CLANG_ANALYZER_NUMBER_OBJECT_CONVERSION = YES_AGGRESSIVE;
				CLANG_CXX_LANGUAGE_STANDARD = "gnu++20";
				CLANG_ENABLE_MODULES = YES;
				CLANG_ENABLE_OBJC_ARC = YES;
				CLANG_ENABLE_OBJC_WEAK = YES;
				CLANG_WARN_BLOCK_CAPTURE_AUTORELEASING = YES;
				CLANG_WARN_BOOL_CONVERSION = YES;
				CLANG_WARN_COMMA = YES;
				CLANG_WARN_CONSTANT_CONVERSION = YES;
				CLANG_WARN_DEPRECATED_OBJC_IMPLEMENTATIONS = YES;
				CLANG_WARN_DIRECT_OBJC_ISA_USAGE = YES_ERROR;
				CLANG_WARN_DOCUMENTATION_COMMENTS = YES;
				CLANG_WARN_EMPTY_BODY = YES;
				CLANG_WARN_ENUM_CONVERSION = YES;
				CLANG_WARN_INFINITE_RECURSION = YES;
				CLANG_WARN_INT_CONVERSION = YES;
				CLANG_WARN_NON_LITERAL_NULL_CONVERSION = YES;
				CLANG_WARN_OBJC_IMPLICIT_RETAIN_SELF = YES;
				CLANG_WARN_OBJC_LITERAL_CONVERSION = YES;
				CLANG_WARN_OBJC_ROOT_CLASS = YES_ERROR;
				CLANG_WARN_QUOTED_INCLUDE_IN_FRAMEWORK_HEADER = YES;
				CLANG_WARN_RANGE_LOOP_ANALYSIS = YES;
				CLANG_WARN_STRICT_PROTOTYPES = YES;
				CLANG_WARN_SUSPICIOUS_MOVE = YES;
				CLANG_WARN_UNGUARDED_AVAILABILITY = YES_AGGRESSIVE;
				CLANG_WARN_UNREACHABLE_CODE = YES;
				CLANG_WARN__DUPLICATE_METHOD_MATCH = YES;
				COPY_PHASE_STRIP = NO;
				DEBUG_INFORMATION_FORMAT = dwarf;
				ENABLE_STRICT_OBJC_MSGSEND = YES;
				ENABLE_TESTABILITY = YES;
				GCC_C_LANGUAGE_STANDARD = gnu11;
				GCC_DYNAMIC_NO_PIC = NO;
				GCC_NO_COMMON_BLOCKS = YES;
				GCC_OPTIMIZATION_LEVEL = 0;
				GCC_PREPROCESSOR_DEFINITIONS = (
					"DEBUG=1",
					"$(inherited)",
				);
				GCC_WARN_64_TO_32_BIT_CONVERSION = YES;
				GCC_WARN_ABOUT_RETURN_TYPE = YES_ERROR;
				GCC_WARN_UNDECLARED_SELECTOR = YES;
				GCC_WARN_UNINITIALIZED_AUTOS = YES_AGGRESSIVE;
				GCC_WARN_UNUSED_FUNCTION = YES;
				GCC_WARN_UNUSED_VARIABLE = YES;
				IPHONEOS_DEPLOYMENT_TARGET = 16.1;
				MTL_ENABLE_DEBUG_INFO = INCLUDE_SOURCE;
				MTL_FAST_MATH = YES;
				ONLY_ACTIVE_ARCH = YES;
				SDKROOT = iphoneos;
				SWIFT_ACTIVE_COMPILATION_CONDITIONS = DEBUG;
				SWIFT_OPTIMIZATION_LEVEL = "-Onone";
			};
			name = Debug;
		};
		696F2FA6295A7DA100FACEF5 /* Release */ = {
			isa = XCBuildConfiguration;
			buildSettings = {
				ALWAYS_SEARCH_USER_PATHS = NO;
				CLANG_ANALYZER_NONNULL = YES;
				CLANG_ANALYZER_NUMBER_OBJECT_CONVERSION = YES_AGGRESSIVE;
				CLANG_CXX_LANGUAGE_STANDARD = "gnu++20";
				CLANG_ENABLE_MODULES = YES;
				CLANG_ENABLE_OBJC_ARC = YES;
				CLANG_ENABLE_OBJC_WEAK = YES;
				CLANG_WARN_BLOCK_CAPTURE_AUTORELEASING = YES;
				CLANG_WARN_BOOL_CONVERSION = YES;
				CLANG_WARN_COMMA = YES;
				CLANG_WARN_CONSTANT_CONVERSION = YES;
				CLANG_WARN_DEPRECATED_OBJC_IMPLEMENTATIONS = YES;
				CLANG_WARN_DIRECT_OBJC_ISA_USAGE = YES_ERROR;
				CLANG_WARN_DOCUMENTATION_COMMENTS = YES;
				CLANG_WARN_EMPTY_BODY = YES;
				CLANG_WARN_ENUM_CONVERSION = YES;
				CLANG_WARN_INFINITE_RECURSION = YES;
				CLANG_WARN_INT_CONVERSION = YES;
				CLANG_WARN_NON_LITERAL_NULL_CONVERSION = YES;
				CLANG_WARN_OBJC_IMPLICIT_RETAIN_SELF = YES;
				CLANG_WARN_OBJC_LITERAL_CONVERSION = YES;
				CLANG_WARN_OBJC_ROOT_CLASS = YES_ERROR;
				CLANG_WARN_QUOTED_INCLUDE_IN_FRAMEWORK_HEADER = YES;
				CLANG_WARN_RANGE_LOOP_ANALYSIS = YES;
				CLANG_WARN_STRICT_PROTOTYPES = YES;
				CLANG_WARN_SUSPICIOUS_MOVE = YES;
				CLANG_WARN_UNGUARDED_AVAILABILITY = YES_AGGRESSIVE;
				CLANG_WARN_UNREACHABLE_CODE = YES;
				CLANG_WARN__DUPLICATE_METHOD_MATCH = YES;
				COPY_PHASE_STRIP = NO;
				DEBUG_INFORMATION_FORMAT = "dwarf-with-dsym";
				ENABLE_NS_ASSERTIONS = NO;
				ENABLE_STRICT_OBJC_MSGSEND = YES;
				GCC_C_LANGUAGE_STANDARD = gnu11;
				GCC_NO_COMMON_BLOCKS = YES;
				GCC_WARN_64_TO_32_BIT_CONVERSION = YES;
				GCC_WARN_ABOUT_RETURN_TYPE = YES_ERROR;
				GCC_WARN_UNDECLARED_SELECTOR = YES;
				GCC_WARN_UNINITIALIZED_AUTOS = YES_AGGRESSIVE;
				GCC_WARN_UNUSED_FUNCTION = YES;
				GCC_WARN_UNUSED_VARIABLE = YES;
				IPHONEOS_DEPLOYMENT_TARGET = 16.1;
				MTL_ENABLE_DEBUG_INFO = NO;
				MTL_FAST_MATH = YES;
				SDKROOT = iphoneos;
				SWIFT_COMPILATION_MODE = wholemodule;
				SWIFT_OPTIMIZATION_LEVEL = "-O";
				VALIDATE_PRODUCT = YES;
			};
			name = Release;
		};
		696F2FA8295A7DA100FACEF5 /* Debug */ = {
			isa = XCBuildConfiguration;
			buildSettings = {
				ASSETCATALOG_COMPILER_APPICON_NAME = AppIcon;
				ASSETCATALOG_COMPILER_GLOBAL_ACCENT_COLOR_NAME = AccentColor;
				CODE_SIGN_STYLE = Automatic;
				CURRENT_PROJECT_VERSION = 1;
				DEVELOPMENT_ASSET_PATHS = "\"Two Fold/Preview Content\"";
				DEVELOPMENT_TEAM = 86YP52PMZ3;
				ENABLE_PREVIEWS = YES;
				GENERATE_INFOPLIST_FILE = YES;
				INFOPLIST_FILE = "Two-Fold-Info.plist";
				INFOPLIST_KEY_UIApplicationSceneManifest_Generation = YES;
				INFOPLIST_KEY_UIApplicationSupportsIndirectInputEvents = YES;
				INFOPLIST_KEY_UILaunchScreen_Generation = YES;
				INFOPLIST_KEY_UISupportedInterfaceOrientations_iPad = "UIInterfaceOrientationPortrait UIInterfaceOrientationPortraitUpsideDown UIInterfaceOrientationLandscapeLeft UIInterfaceOrientationLandscapeRight";
				INFOPLIST_KEY_UISupportedInterfaceOrientations_iPhone = "UIInterfaceOrientationPortrait UIInterfaceOrientationLandscapeLeft UIInterfaceOrientationLandscapeRight";
				IPHONEOS_DEPLOYMENT_TARGET = 15.0;
				LD_RUNPATH_SEARCH_PATHS = (
					"$(inherited)",
					"@executable_path/Frameworks",
				);
				MARKETING_VERSION = 1.0;
				PRODUCT_BUNDLE_IDENTIFIER = "io.azamahjr.Two-Fold";
				PRODUCT_NAME = "$(TARGET_NAME)";
				SWIFT_EMIT_LOC_STRINGS = YES;
				SWIFT_VERSION = 5.0;
				TARGETED_DEVICE_FAMILY = "1,2";
			};
			name = Debug;
		};
		696F2FA9295A7DA100FACEF5 /* Release */ = {
			isa = XCBuildConfiguration;
			buildSettings = {
				ASSETCATALOG_COMPILER_APPICON_NAME = AppIcon;
				ASSETCATALOG_COMPILER_GLOBAL_ACCENT_COLOR_NAME = AccentColor;
				CODE_SIGN_STYLE = Automatic;
				CURRENT_PROJECT_VERSION = 1;
				DEVELOPMENT_ASSET_PATHS = "\"Two Fold/Preview Content\"";
				DEVELOPMENT_TEAM = 86YP52PMZ3;
				ENABLE_PREVIEWS = YES;
				GENERATE_INFOPLIST_FILE = YES;
				INFOPLIST_FILE = "Two-Fold-Info.plist";
				INFOPLIST_KEY_UIApplicationSceneManifest_Generation = YES;
				INFOPLIST_KEY_UIApplicationSupportsIndirectInputEvents = YES;
				INFOPLIST_KEY_UILaunchScreen_Generation = YES;
				INFOPLIST_KEY_UISupportedInterfaceOrientations_iPad = "UIInterfaceOrientationPortrait UIInterfaceOrientationPortraitUpsideDown UIInterfaceOrientationLandscapeLeft UIInterfaceOrientationLandscapeRight";
				INFOPLIST_KEY_UISupportedInterfaceOrientations_iPhone = "UIInterfaceOrientationPortrait UIInterfaceOrientationLandscapeLeft UIInterfaceOrientationLandscapeRight";
				IPHONEOS_DEPLOYMENT_TARGET = 15.0;
				LD_RUNPATH_SEARCH_PATHS = (
					"$(inherited)",
					"@executable_path/Frameworks",
				);
				MARKETING_VERSION = 1.0;
				PRODUCT_BUNDLE_IDENTIFIER = "io.azamahjr.Two-Fold";
				PRODUCT_NAME = "$(TARGET_NAME)";
				SWIFT_EMIT_LOC_STRINGS = YES;
				SWIFT_VERSION = 5.0;
				TARGETED_DEVICE_FAMILY = "1,2";
			};
			name = Release;
		};
/* End XCBuildConfiguration section */

/* Begin XCConfigurationList section */
		696F2F94295A7DA000FACEF5 /* Build configuration list for PBXProject "Two Fold" */ = {
			isa = XCConfigurationList;
			buildConfigurations = (
				696F2FA5295A7DA100FACEF5 /* Debug */,
				696F2FA6295A7DA100FACEF5 /* Release */,
			);
			defaultConfigurationIsVisible = 0;
			defaultConfigurationName = Release;
		};
		696F2FA7295A7DA100FACEF5 /* Build configuration list for PBXNativeTarget "Two Fold" */ = {
			isa = XCConfigurationList;
			buildConfigurations = (
				696F2FA8295A7DA100FACEF5 /* Debug */,
				696F2FA9295A7DA100FACEF5 /* Release */,
			);
			defaultConfigurationIsVisible = 0;
			defaultConfigurationName = Release;
		};
/* End XCConfigurationList section */

/* Begin XCRemoteSwiftPackageReference section */
		69E0ACA1295BA5460025AD0E /* XCRemoteSwiftPackageReference "rive-ios" */ = {
			isa = XCRemoteSwiftPackageReference;
			repositoryURL = "https://github.com/rive-app/rive-ios";
			requirement = {
				kind = exactVersion;
				version = 2.0.19;
			};
		};
/* End XCRemoteSwiftPackageReference section */

/* Begin XCSwiftPackageProductDependency section */
		69E0ACA2295BA5460025AD0E /* RiveRuntime */ = {
			isa = XCSwiftPackageProductDependency;
			package = 69E0ACA1295BA5460025AD0E /* XCRemoteSwiftPackageReference "rive-ios" */;
			productName = RiveRuntime;
		};
/* End XCSwiftPackageProductDependency section */
	};
	rootObject = 696F2F91295A7DA000FACEF5 /* Project object */;
}
